// !$*UTF8*$!
{
	archiveVersion = 1;
	classes = {
	};
	objectVersion = 56;
	objects = {

/* Begin PBXBuildFile section */
		DC88040729674AEA00DB09CB /* ContentViewVM.swift in Sources */ = {isa = PBXBuildFile; fileRef = DC88040629674AEA00DB09CB /* ContentViewVM.swift */; };
		DC88040929674D8B00DB09CB /* BusSchedule.swift in Sources */ = {isa = PBXBuildFile; fileRef = DC88040829674D8B00DB09CB /* BusSchedule.swift */; };
		DCF0B8C529646EDC00DC7EAC /* NextToArriveApp.swift in Sources */ = {isa = PBXBuildFile; fileRef = DCF0B8C429646EDC00DC7EAC /* NextToArriveApp.swift */; };
		DCF0B8C729646EDC00DC7EAC /* ContentView.swift in Sources */ = {isa = PBXBuildFile; fileRef = DCF0B8C629646EDC00DC7EAC /* ContentView.swift */; };
		DCF0B8C929646EDD00DC7EAC /* Assets.xcassets in Resources */ = {isa = PBXBuildFile; fileRef = DCF0B8C829646EDD00DC7EAC /* Assets.xcassets */; };
		DCF0B8CC29646EDD00DC7EAC /* Preview Assets.xcassets in Resources */ = {isa = PBXBuildFile; fileRef = DCF0B8CB29646EDD00DC7EAC /* Preview Assets.xcassets */; };
/* End PBXBuildFile section */

/* Begin PBXCopyFilesBuildPhase section */
		DCF0B8ED2964BB7400DC7EAC /* Embed Foundation Extensions */ = {
			isa = PBXCopyFilesBuildPhase;
			buildActionMask = 2147483647;
			dstPath = "";
			dstSubfolderSpec = 13;
			files = (
			);
			name = "Embed Foundation Extensions";
			runOnlyForDeploymentPostprocessing = 0;
		};
/* End PBXCopyFilesBuildPhase section */

/* Begin PBXFileReference section */
		DC88040629674AEA00DB09CB /* ContentViewVM.swift */ = {isa = PBXFileReference; lastKnownFileType = sourcecode.swift; path = ContentViewVM.swift; sourceTree = "<group>"; };
		DC88040829674D8B00DB09CB /* BusSchedule.swift */ = {isa = PBXFileReference; lastKnownFileType = sourcecode.swift; path = BusSchedule.swift; sourceTree = "<group>"; };
		DCF0B8C129646EDC00DC7EAC /* NextToArrive.app */ = {isa = PBXFileReference; explicitFileType = wrapper.application; includeInIndex = 0; path = NextToArrive.app; sourceTree = BUILT_PRODUCTS_DIR; };
		DCF0B8C429646EDC00DC7EAC /* NextToArriveApp.swift */ = {isa = PBXFileReference; lastKnownFileType = sourcecode.swift; path = NextToArriveApp.swift; sourceTree = "<group>"; };
		DCF0B8C629646EDC00DC7EAC /* ContentView.swift */ = {isa = PBXFileReference; lastKnownFileType = sourcecode.swift; path = ContentView.swift; sourceTree = "<group>"; };
		DCF0B8C829646EDD00DC7EAC /* Assets.xcassets */ = {isa = PBXFileReference; lastKnownFileType = folder.assetcatalog; path = Assets.xcassets; sourceTree = "<group>"; };
		DCF0B8CB29646EDD00DC7EAC /* Preview Assets.xcassets */ = {isa = PBXFileReference; lastKnownFileType = folder.assetcatalog; path = "Preview Assets.xcassets"; sourceTree = "<group>"; };
		DCF0B8DA2964BB7300DC7EAC /* WidgetKit.framework */ = {isa = PBXFileReference; lastKnownFileType = wrapper.framework; name = WidgetKit.framework; path = System/Library/Frameworks/WidgetKit.framework; sourceTree = SDKROOT; };
		DCF0B8DC2964BB7300DC7EAC /* SwiftUI.framework */ = {isa = PBXFileReference; lastKnownFileType = wrapper.framework; name = SwiftUI.framework; path = System/Library/Frameworks/SwiftUI.framework; sourceTree = SDKROOT; };
/* End PBXFileReference section */

/* Begin PBXFrameworksBuildPhase section */
		DCF0B8BE29646EDC00DC7EAC /* Frameworks */ = {
			isa = PBXFrameworksBuildPhase;
			buildActionMask = 2147483647;
			files = (
			);
			runOnlyForDeploymentPostprocessing = 0;
		};
/* End PBXFrameworksBuildPhase section */

/* Begin PBXGroup section */
		DC88040329674A8200DB09CB /* Models */ = {
			isa = PBXGroup;
			children = (
				DC88040829674D8B00DB09CB /* BusSchedule.swift */,
			);
			path = Models;
			sourceTree = "<group>";
		};
		DC88040429674A8700DB09CB /* Data */ = {
			isa = PBXGroup;
			children = (
			);
			path = Data;
			sourceTree = "<group>";
		};
		DC88040529674ACA00DB09CB /* Extensions */ = {
			isa = PBXGroup;
			children = (
				DC88040629674AEA00DB09CB /* ContentViewVM.swift */,
			);
			path = Extensions;
			sourceTree = "<group>";
		};
		DCF0B8B829646EDC00DC7EAC = {
			isa = PBXGroup;
			children = (
				DCF0B8C329646EDC00DC7EAC /* NextToArrive */,
				DCF0B8D92964BB7300DC7EAC /* Frameworks */,
				DCF0B8C229646EDC00DC7EAC /* Products */,
			);
			sourceTree = "<group>";
		};
		DCF0B8C229646EDC00DC7EAC /* Products */ = {
			isa = PBXGroup;
			children = (
				DCF0B8C129646EDC00DC7EAC /* NextToArrive.app */,
			);
			name = Products;
			sourceTree = "<group>";
		};
		DCF0B8C329646EDC00DC7EAC /* NextToArrive */ = {
			isa = PBXGroup;
			children = (
				DCF0B8C429646EDC00DC7EAC /* NextToArriveApp.swift */,
				DCF0B8C629646EDC00DC7EAC /* ContentView.swift */,
				DC88040529674ACA00DB09CB /* Extensions */,
				DC88040429674A8700DB09CB /* Data */,
				DC88040329674A8200DB09CB /* Models */,
				DCF0B8C829646EDD00DC7EAC /* Assets.xcassets */,
				DCF0B8CA29646EDD00DC7EAC /* Preview Content */,
			);
			path = NextToArrive;
			sourceTree = "<group>";
		};
		DCF0B8CA29646EDD00DC7EAC /* Preview Content */ = {
			isa = PBXGroup;
			children = (
				DCF0B8CB29646EDD00DC7EAC /* Preview Assets.xcassets */,
			);
			path = "Preview Content";
			sourceTree = "<group>";
		};
		DCF0B8D92964BB7300DC7EAC /* Frameworks */ = {
			isa = PBXGroup;
			children = (
				DCF0B8DA2964BB7300DC7EAC /* WidgetKit.framework */,
				DCF0B8DC2964BB7300DC7EAC /* SwiftUI.framework */,
			);
			name = Frameworks;
			sourceTree = "<group>";
		};
/* End PBXGroup section */

/* Begin PBXNativeTarget section */
		DCF0B8C029646EDC00DC7EAC /* NextToArrive */ = {
			isa = PBXNativeTarget;
			buildConfigurationList = DCF0B8CF29646EDD00DC7EAC /* Build configuration list for PBXNativeTarget "NextToArrive" */;
			buildPhases = (
				DCF0B8BD29646EDC00DC7EAC /* Sources */,
				DCF0B8BE29646EDC00DC7EAC /* Frameworks */,
				DCF0B8BF29646EDC00DC7EAC /* Resources */,
				DCF0B8ED2964BB7400DC7EAC /* Embed Foundation Extensions */,
			);
			buildRules = (
			);
			dependencies = (
			);
			name = NextToArrive;
			productName = NextToArrive;
			productReference = DCF0B8C129646EDC00DC7EAC /* NextToArrive.app */;
			productType = "com.apple.product-type.application";
		};
/* End PBXNativeTarget section */

/* Begin PBXProject section */
		DCF0B8B929646EDC00DC7EAC /* Project object */ = {
			isa = PBXProject;
			attributes = {
				BuildIndependentTargetsInParallel = 1;
				LastSwiftUpdateCheck = 1400;
				LastUpgradeCheck = 1400;
				TargetAttributes = {
					DCF0B8C029646EDC00DC7EAC = {
						CreatedOnToolsVersion = 14.0;
					};
				};
			};
			buildConfigurationList = DCF0B8BC29646EDC00DC7EAC /* Build configuration list for PBXProject "NextToArrive" */;
			compatibilityVersion = "Xcode 14.0";
			developmentRegion = en;
			hasScannedForEncodings = 0;
			knownRegions = (
				en,
				Base,
			);
			mainGroup = DCF0B8B829646EDC00DC7EAC;
			productRefGroup = DCF0B8C229646EDC00DC7EAC /* Products */;
			projectDirPath = "";
			projectRoot = "";
			targets = (
				DCF0B8C029646EDC00DC7EAC /* NextToArrive */,
			);
		};
/* End PBXProject section */

/* Begin PBXResourcesBuildPhase section */
		DCF0B8BF29646EDC00DC7EAC /* Resources */ = {
			isa = PBXResourcesBuildPhase;
			buildActionMask = 2147483647;
			files = (
				DCF0B8CC29646EDD00DC7EAC /* Preview Assets.xcassets in Resources */,
				DCF0B8C929646EDD00DC7EAC /* Assets.xcassets in Resources */,
			);
			runOnlyForDeploymentPostprocessing = 0;
		};
/* End PBXResourcesBuildPhase section */

/* Begin PBXSourcesBuildPhase section */
		DCF0B8BD29646EDC00DC7EAC /* Sources */ = {
			isa = PBXSourcesBuildPhase;
			buildActionMask = 2147483647;
			files = (
				DC88040729674AEA00DB09CB /* ContentViewVM.swift in Sources */,
				DCF0B8C729646EDC00DC7EAC /* ContentView.swift in Sources */,
				DCF0B8C529646EDC00DC7EAC /* NextToArriveApp.swift in Sources */,
				DC88040929674D8B00DB09CB /* BusSchedule.swift in Sources */,
			);
			runOnlyForDeploymentPostprocessing = 0;
		};
/* End PBXSourcesBuildPhase section */

/* Begin XCBuildConfiguration section */
		DCF0B8CD29646EDD00DC7EAC /* Debug */ = {
			isa = XCBuildConfiguration;
			buildSettings = {
				ALWAYS_SEARCH_USER_PATHS = NO;
				CLANG_ANALYZER_NONNULL = YES;
				CLANG_ANALYZER_NUMBER_OBJECT_CONVERSION = YES_AGGRESSIVE;
				CLANG_CXX_LANGUAGE_STANDARD = "gnu++20";
				CLANG_ENABLE_MODULES = YES;
				CLANG_ENABLE_OBJC_ARC = YES;
				CLANG_ENABLE_OBJC_WEAK = YES;
				CLANG_WARN_BLOCK_CAPTURE_AUTORELEASING = YES;
				CLANG_WARN_BOOL_CONVERSION = YES;
				CLANG_WARN_COMMA = YES;
				CLANG_WARN_CONSTANT_CONVERSION = YES;
				CLANG_WARN_DEPRECATED_OBJC_IMPLEMENTATIONS = YES;
				CLANG_WARN_DIRECT_OBJC_ISA_USAGE = YES_ERROR;
				CLANG_WARN_DOCUMENTATION_COMMENTS = YES;
				CLANG_WARN_EMPTY_BODY = YES;
				CLANG_WARN_ENUM_CONVERSION = YES;
				CLANG_WARN_INFINITE_RECURSION = YES;
				CLANG_WARN_INT_CONVERSION = YES;
				CLANG_WARN_NON_LITERAL_NULL_CONVERSION = YES;
				CLANG_WARN_OBJC_IMPLICIT_RETAIN_SELF = YES;
				CLANG_WARN_OBJC_LITERAL_CONVERSION = YES;
				CLANG_WARN_OBJC_ROOT_CLASS = YES_ERROR;
				CLANG_WARN_QUOTED_INCLUDE_IN_FRAMEWORK_HEADER = YES;
				CLANG_WARN_RANGE_LOOP_ANALYSIS = YES;
				CLANG_WARN_STRICT_PROTOTYPES = YES;
				CLANG_WARN_SUSPICIOUS_MOVE = YES;
				CLANG_WARN_UNGUARDED_AVAILABILITY = YES_AGGRESSIVE;
				CLANG_WARN_UNREACHABLE_CODE = YES;
				CLANG_WARN__DUPLICATE_METHOD_MATCH = YES;
				COPY_PHASE_STRIP = NO;
				DEBUG_INFORMATION_FORMAT = dwarf;
				ENABLE_STRICT_OBJC_MSGSEND = YES;
				ENABLE_TESTABILITY = YES;
				GCC_C_LANGUAGE_STANDARD = gnu11;
				GCC_DYNAMIC_NO_PIC = NO;
				GCC_NO_COMMON_BLOCKS = YES;
				GCC_OPTIMIZATION_LEVEL = 0;
				GCC_PREPROCESSOR_DEFINITIONS = (
					"DEBUG=1",
					"$(inherited)",
				);
				GCC_WARN_64_TO_32_BIT_CONVERSION = YES;
				GCC_WARN_ABOUT_RETURN_TYPE = YES_ERROR;
				GCC_WARN_UNDECLARED_SELECTOR = YES;
				GCC_WARN_UNINITIALIZED_AUTOS = YES_AGGRESSIVE;
				GCC_WARN_UNUSED_FUNCTION = YES;
				GCC_WARN_UNUSED_VARIABLE = YES;
				IPHONEOS_DEPLOYMENT_TARGET = 16.0;
				MTL_ENABLE_DEBUG_INFO = INCLUDE_SOURCE;
				MTL_FAST_MATH = YES;
				ONLY_ACTIVE_ARCH = YES;
				SDKROOT = iphoneos;
				SWIFT_ACTIVE_COMPILATION_CONDITIONS = DEBUG;
				SWIFT_OPTIMIZATION_LEVEL = "-Onone";
			};
			name = Debug;
		};
		DCF0B8CE29646EDD00DC7EAC /* Release */ = {
			isa = XCBuildConfiguration;
			buildSettings = {
				ALWAYS_SEARCH_USER_PATHS = NO;
				CLANG_ANALYZER_NONNULL = YES;
				CLANG_ANALYZER_NUMBER_OBJECT_CONVERSION = YES_AGGRESSIVE;
				CLANG_CXX_LANGUAGE_STANDARD = "gnu++20";
				CLANG_ENABLE_MODULES = YES;
				CLANG_ENABLE_OBJC_ARC = YES;
				CLANG_ENABLE_OBJC_WEAK = YES;
				CLANG_WARN_BLOCK_CAPTURE_AUTORELEASING = YES;
				CLANG_WARN_BOOL_CONVERSION = YES;
				CLANG_WARN_COMMA = YES;
				CLANG_WARN_CONSTANT_CONVERSION = YES;
				CLANG_WARN_DEPRECATED_OBJC_IMPLEMENTATIONS = YES;
				CLANG_WARN_DIRECT_OBJC_ISA_USAGE = YES_ERROR;
				CLANG_WARN_DOCUMENTATION_COMMENTS = YES;
				CLANG_WARN_EMPTY_BODY = YES;
				CLANG_WARN_ENUM_CONVERSION = YES;
				CLANG_WARN_INFINITE_RECURSION = YES;
				CLANG_WARN_INT_CONVERSION = YES;
				CLANG_WARN_NON_LITERAL_NULL_CONVERSION = YES;
				CLANG_WARN_OBJC_IMPLICIT_RETAIN_SELF = YES;
				CLANG_WARN_OBJC_LITERAL_CONVERSION = YES;
				CLANG_WARN_OBJC_ROOT_CLASS = YES_ERROR;
				CLANG_WARN_QUOTED_INCLUDE_IN_FRAMEWORK_HEADER = YES;
				CLANG_WARN_RANGE_LOOP_ANALYSIS = YES;
				CLANG_WARN_STRICT_PROTOTYPES = YES;
				CLANG_WARN_SUSPICIOUS_MOVE = YES;
				CLANG_WARN_UNGUARDED_AVAILABILITY = YES_AGGRESSIVE;
				CLANG_WARN_UNREACHABLE_CODE = YES;
				CLANG_WARN__DUPLICATE_METHOD_MATCH = YES;
				COPY_PHASE_STRIP = NO;
				DEBUG_INFORMATION_FORMAT = "dwarf-with-dsym";
				ENABLE_NS_ASSERTIONS = NO;
				ENABLE_STRICT_OBJC_MSGSEND = YES;
				GCC_C_LANGUAGE_STANDARD = gnu11;
				GCC_NO_COMMON_BLOCKS = YES;
				GCC_WARN_64_TO_32_BIT_CONVERSION = YES;
				GCC_WARN_ABOUT_RETURN_TYPE = YES_ERROR;
				GCC_WARN_UNDECLARED_SELECTOR = YES;
				GCC_WARN_UNINITIALIZED_AUTOS = YES_AGGRESSIVE;
				GCC_WARN_UNUSED_FUNCTION = YES;
				GCC_WARN_UNUSED_VARIABLE = YES;
				IPHONEOS_DEPLOYMENT_TARGET = 16.0;
				MTL_ENABLE_DEBUG_INFO = NO;
				MTL_FAST_MATH = YES;
				SDKROOT = iphoneos;
				SWIFT_COMPILATION_MODE = wholemodule;
				SWIFT_OPTIMIZATION_LEVEL = "-O";
				VALIDATE_PRODUCT = YES;
			};
			name = Release;
		};
		DCF0B8D029646EDD00DC7EAC /* Debug */ = {
			isa = XCBuildConfiguration;
			buildSettings = {
				ASSETCATALOG_COMPILER_APPICON_NAME = AppIcon;
				ASSETCATALOG_COMPILER_GLOBAL_ACCENT_COLOR_NAME = AccentColor;
				CODE_SIGN_STYLE = Automatic;
				CURRENT_PROJECT_VERSION = 1;
				DEVELOPMENT_ASSET_PATHS = "\"NextToArrive/Preview Content\"";
				DEVELOPMENT_TEAM = R9SLYR2Y3N;
				ENABLE_PREVIEWS = YES;
				GENERATE_INFOPLIST_FILE = YES;
				INFOPLIST_KEY_UIApplicationSceneManifest_Generation = YES;
				INFOPLIST_KEY_UIApplicationSupportsIndirectInputEvents = YES;
				INFOPLIST_KEY_UILaunchScreen_Generation = YES;
				INFOPLIST_KEY_UISupportedInterfaceOrientations_iPad = "UIInterfaceOrientationPortrait UIInterfaceOrientationPortraitUpsideDown UIInterfaceOrientationLandscapeLeft UIInterfaceOrientationLandscapeRight";
				INFOPLIST_KEY_UISupportedInterfaceOrientations_iPhone = "UIInterfaceOrientationPortrait UIInterfaceOrientationLandscapeLeft UIInterfaceOrientationLandscapeRight";
				LD_RUNPATH_SEARCH_PATHS = (
					"$(inherited)",
					"@executable_path/Frameworks",
				);
				MARKETING_VERSION = 1.0;
				PRODUCT_BUNDLE_IDENTIFIER = com.coryjpopp.NextToArrive;
				PRODUCT_NAME = "$(TARGET_NAME)";
				SWIFT_EMIT_LOC_STRINGS = YES;
				SWIFT_VERSION = 5.0;
				TARGETED_DEVICE_FAMILY = "1,2";
			};
			name = Debug;
		};
		DCF0B8D129646EDD00DC7EAC /* Release */ = {
			isa = XCBuildConfiguration;
			buildSettings = {
				ASSETCATALOG_COMPILER_APPICON_NAME = AppIcon;
				ASSETCATALOG_COMPILER_GLOBAL_ACCENT_COLOR_NAME = AccentColor;
				CODE_SIGN_STYLE = Automatic;
				CURRENT_PROJECT_VERSION = 1;
				DEVELOPMENT_ASSET_PATHS = "\"NextToArrive/Preview Content\"";
				DEVELOPMENT_TEAM = R9SLYR2Y3N;
				ENABLE_PREVIEWS = YES;
				GENERATE_INFOPLIST_FILE = YES;
				INFOPLIST_KEY_UIApplicationSceneManifest_Generation = YES;
				INFOPLIST_KEY_UIApplicationSupportsIndirectInputEvents = YES;
				INFOPLIST_KEY_UILaunchScreen_Generation = YES;
				INFOPLIST_KEY_UISupportedInterfaceOrientations_iPad = "UIInterfaceOrientationPortrait UIInterfaceOrientationPortraitUpsideDown UIInterfaceOrientationLandscapeLeft UIInterfaceOrientationLandscapeRight";
				INFOPLIST_KEY_UISupportedInterfaceOrientations_iPhone = "UIInterfaceOrientationPortrait UIInterfaceOrientationLandscapeLeft UIInterfaceOrientationLandscapeRight";
				LD_RUNPATH_SEARCH_PATHS = (
					"$(inherited)",
					"@executable_path/Frameworks",
				);
				MARKETING_VERSION = 1.0;
				PRODUCT_BUNDLE_IDENTIFIER = com.coryjpopp.NextToArrive;
				PRODUCT_NAME = "$(TARGET_NAME)";
				SWIFT_EMIT_LOC_STRINGS = YES;
				SWIFT_VERSION = 5.0;
				TARGETED_DEVICE_FAMILY = "1,2";
			};
			name = Release;
		};
/* End XCBuildConfiguration section */

/* Begin XCConfigurationList section */
		DCF0B8BC29646EDC00DC7EAC /* Build configuration list for PBXProject "NextToArrive" */ = {
			isa = XCConfigurationList;
			buildConfigurations = (
				DCF0B8CD29646EDD00DC7EAC /* Debug */,
				DCF0B8CE29646EDD00DC7EAC /* Release */,
			);
			defaultConfigurationIsVisible = 0;
			defaultConfigurationName = Release;
		};
		DCF0B8CF29646EDD00DC7EAC /* Build configuration list for PBXNativeTarget "NextToArrive" */ = {
			isa = XCConfigurationList;
			buildConfigurations = (
				DCF0B8D029646EDD00DC7EAC /* Debug */,
				DCF0B8D129646EDD00DC7EAC /* Release */,
			);
			defaultConfigurationIsVisible = 0;
			defaultConfigurationName = Release;
		};
/* End XCConfigurationList section */
	};
	rootObject = DCF0B8B929646EDC00DC7EAC /* Project object */;
}
